
Microsoft Visual Studio Solution File, Format Version 12.00
# Visual Studio Version 16
VisualStudioVersion = 16.0.32002.261
MinimumVisualStudioVersion = 10.0.40219.1
Project("{FAE04EC0-301F-11D3-BF4B-00C04F79EFBC}") = "OP_laba3(3)", "OP_laba3(3)\OP_laba3(3).csproj", "{F20F0256-5BD2-4D9C-A1DE-9EA5E12D6D5C}"
EndProject
Global
	GlobalSection(SolutionConfigurationPlatforms) = preSolution
		Debug|Any CPU = Debug|Any CPU
		Release|Any CPU = Release|Any CPU
	EndGlobalSection
	GlobalSection(ProjectConfigurationPlatforms) = postSolution
		{F20F0256-5BD2-4D9C-A1DE-9EA5E12D6D5C}.Debug|Any CPU.ActiveCfg = Debug|Any CPU
		{F20F0256-5BD2-4D9C-A1DE-9EA5E12D6D5C}.Debug|Any CPU.Build.0 = Debug|Any CPU
		{F20F0256-5BD2-4D9C-A1DE-9EA5E12D6D5C}.Release|Any CPU.ActiveCfg = Release|Any CPU
		{F20F0256-5BD2-4D9C-A1DE-9EA5E12D6D5C}.Release|Any CPU.Build.0 = Release|Any CPU
	EndGlobalSection
	GlobalSection(SolutionProperties) = preSolution
		HideSolutionNode = FALSE
	EndGlobalSection
	GlobalSection(ExtensibilityGlobals) = postSolution
		SolutionGuid = {70011E19-6B04-4CAE-A488-3A00734CB621}
	EndGlobalSection
EndGlobal
