
Microsoft Visual Studio Solution File, Format Version 12.00
# Visual Studio Version 16
VisualStudioVersion = 16.0.32002.261
MinimumVisualStudioVersion = 10.0.40219.1
Project("{FAE04EC0-301F-11D3-BF4B-00C04F79EFBC}") = "OP_laba4", "OP_laba4\OP_laba4.csproj", "{8B83F21A-15ED-450A-9C5E-E0167966E64B}"
EndProject
Global
	GlobalSection(SolutionConfigurationPlatforms) = preSolution
		Debug|Any CPU = Debug|Any CPU
		Release|Any CPU = Release|Any CPU
	EndGlobalSection
	GlobalSection(ProjectConfigurationPlatforms) = postSolution
		{8B83F21A-15ED-450A-9C5E-E0167966E64B}.Debug|Any CPU.ActiveCfg = Debug|Any CPU
		{8B83F21A-15ED-450A-9C5E-E0167966E64B}.Debug|Any CPU.Build.0 = Debug|Any CPU
		{8B83F21A-15ED-450A-9C5E-E0167966E64B}.Release|Any CPU.ActiveCfg = Release|Any CPU
		{8B83F21A-15ED-450A-9C5E-E0167966E64B}.Release|Any CPU.Build.0 = Release|Any CPU
	EndGlobalSection
	GlobalSection(SolutionProperties) = preSolution
		HideSolutionNode = FALSE
	EndGlobalSection
	GlobalSection(ExtensibilityGlobals) = postSolution
		SolutionGuid = {2FB04D7A-8A2A-4C7A-9CF8-4E9A936A11B0}
	EndGlobalSection
EndGlobal
